
Microsoft Visual Studio Solution File, Format Version 12.00
# Visual Studio Version 16
VisualStudioVersion = 16.0.31129.286
MinimumVisualStudioVersion = 10.0.40219.1
Project("{FAE04EC0-301F-11D3-BF4B-00C04F79EFBC}") = "LayerDepthSprite", "LayerDepthSprite\LayerDepthSprite.csproj", "{0A29E265-83F8-4FE3-9288-43703059A7ED}"
EndProject
Global
	GlobalSection(SolutionConfigurationPlatforms) = preSolution
		Debug|Any CPU = Debug|Any CPU
		Release|Any CPU = Release|Any CPU
	EndGlobalSection
	GlobalSection(ProjectConfigurationPlatforms) = postSolution
		{0A29E265-83F8-4FE3-9288-43703059A7ED}.Debug|Any CPU.ActiveCfg = Debug|Any CPU
		{0A29E265-83F8-4FE3-9288-43703059A7ED}.Debug|Any CPU.Build.0 = Debug|Any CPU
		{0A29E265-83F8-4FE3-9288-43703059A7ED}.Release|Any CPU.ActiveCfg = Release|Any CPU
		{0A29E265-83F8-4FE3-9288-43703059A7ED}.Release|Any CPU.Build.0 = Release|Any CPU
	EndGlobalSection
	GlobalSection(SolutionProperties) = preSolution
		HideSolutionNode = FALSE
	EndGlobalSection
	GlobalSection(ExtensibilityGlobals) = postSolution
		SolutionGuid = {0CA6506B-BCF0-434E-BCC4-08786036DEDB}
	EndGlobalSection
EndGlobal
